// !$*UTF8*$!
{
	archiveVersion = 1;
	classes = {
	};
	objectVersion = 56;
	objects = {

/* Begin PBXBuildFile section */
		84202F8529ABB5D8007C83C5 /* Joke.swift in Sources */ = {isa = PBXBuildFile; fileRef = 84202F8429ABB5D8007C83C5 /* Joke.swift */; };
		84202F8729ABC853007C83C5 /* JokesTableView.swift in Sources */ = {isa = PBXBuildFile; fileRef = 84202F8629ABC853007C83C5 /* JokesTableView.swift */; };
		84202F8A29ACDC2B007C83C5 /* FirebaseStorage in Frameworks */ = {isa = PBXBuildFile; productRef = 84202F8929ACDC2B007C83C5 /* FirebaseStorage */; };
		84202F8C29ACDC7F007C83C5 /* FirebaseStorageCombine-Community in Frameworks */ = {isa = PBXBuildFile; productRef = 84202F8B29ACDC7F007C83C5 /* FirebaseStorageCombine-Community */; };
		844A607229BD0BE500C353AB /* BigButton.swift in Sources */ = {isa = PBXBuildFile; fileRef = 844A607129BD0BE500C353AB /* BigButton.swift */; };
		844A607429BD316E00C353AB /* JokeTextView.swift in Sources */ = {isa = PBXBuildFile; fileRef = 844A607329BD316E00C353AB /* JokeTextView.swift */; };
		84E9FA1129A75E76008AD2AE /* AppDelegate.swift in Sources */ = {isa = PBXBuildFile; fileRef = 84E9FA1029A75E76008AD2AE /* AppDelegate.swift */; };
		84E9FA1329A75E76008AD2AE /* SceneDelegate.swift in Sources */ = {isa = PBXBuildFile; fileRef = 84E9FA1229A75E76008AD2AE /* SceneDelegate.swift */; };
		84E9FA1529A75E76008AD2AE /* LoginViewController.swift in Sources */ = {isa = PBXBuildFile; fileRef = 84E9FA1429A75E76008AD2AE /* LoginViewController.swift */; };
		84E9FA1829A75E76008AD2AE /* Main.storyboard in Resources */ = {isa = PBXBuildFile; fileRef = 84E9FA1629A75E76008AD2AE /* Main.storyboard */; };
		84E9FA1A29A75E78008AD2AE /* Assets.xcassets in Resources */ = {isa = PBXBuildFile; fileRef = 84E9FA1929A75E78008AD2AE /* Assets.xcassets */; };
		84E9FA1D29A75E78008AD2AE /* LaunchScreen.storyboard in Resources */ = {isa = PBXBuildFile; fileRef = 84E9FA1B29A75E78008AD2AE /* LaunchScreen.storyboard */; };
		84E9FA2829A75FAF008AD2AE /* RegisterViewController.swift in Sources */ = {isa = PBXBuildFile; fileRef = 84E9FA2729A75FAE008AD2AE /* RegisterViewController.swift */; };
		84E9FA2A29A75FD0008AD2AE /* JokesViewController.swift in Sources */ = {isa = PBXBuildFile; fileRef = 84E9FA2929A75FD0008AD2AE /* JokesViewController.swift */; };
		84E9FA2C29A75FF3008AD2AE /* CreateJokeViewController.swift in Sources */ = {isa = PBXBuildFile; fileRef = 84E9FA2B29A75FF3008AD2AE /* CreateJokeViewController.swift */; };
		84E9FA2E29A76909008AD2AE /* JokeTableViewCell.swift in Sources */ = {isa = PBXBuildFile; fileRef = 84E9FA2D29A76909008AD2AE /* JokeTableViewCell.swift */; };
		84E9FA3329A790E5008AD2AE /* FirebaseAnalytics in Frameworks */ = {isa = PBXBuildFile; productRef = 84E9FA3229A790E5008AD2AE /* FirebaseAnalytics */; };
		84E9FA3529A790E5008AD2AE /* FirebaseAnalyticsWithoutAdIdSupport in Frameworks */ = {isa = PBXBuildFile; productRef = 84E9FA3429A790E5008AD2AE /* FirebaseAnalyticsWithoutAdIdSupport */; };
		84E9FA3729A790E5008AD2AE /* FirebaseAuth in Frameworks */ = {isa = PBXBuildFile; productRef = 84E9FA3629A790E5008AD2AE /* FirebaseAuth */; };
		84E9FA3929A790E5008AD2AE /* FirebaseDatabase in Frameworks */ = {isa = PBXBuildFile; productRef = 84E9FA3829A790E5008AD2AE /* FirebaseDatabase */; };
		84E9FA3B29A791CB008AD2AE /* DataService.swift in Sources */ = {isa = PBXBuildFile; fileRef = 84E9FA3A29A791CB008AD2AE /* DataService.swift */; };
		84E9FA3D29A7939D008AD2AE /* GoogleService-Info.plist in Resources */ = {isa = PBXBuildFile; fileRef = 84E9FA3C29A7939D008AD2AE /* GoogleService-Info.plist */; };
		84E9FA3F29A7A005008AD2AE /* ProfileViewController.swift in Sources */ = {isa = PBXBuildFile; fileRef = 84E9FA3E29A7A005008AD2AE /* ProfileViewController.swift */; };
/* End PBXBuildFile section */

/* Begin PBXFileReference section */
		84202F8429ABB5D8007C83C5 /* Joke.swift */ = {isa = PBXFileReference; lastKnownFileType = sourcecode.swift; path = Joke.swift; sourceTree = "<group>"; };
		84202F8629ABC853007C83C5 /* JokesTableView.swift */ = {isa = PBXFileReference; lastKnownFileType = sourcecode.swift; path = JokesTableView.swift; sourceTree = "<group>"; };
		844A607129BD0BE500C353AB /* BigButton.swift */ = {isa = PBXFileReference; lastKnownFileType = sourcecode.swift; path = BigButton.swift; sourceTree = "<group>"; };
		844A607329BD316E00C353AB /* JokeTextView.swift */ = {isa = PBXFileReference; lastKnownFileType = sourcecode.swift; path = JokeTextView.swift; sourceTree = "<group>"; };
		84E9FA0D29A75E76008AD2AE /* O-Joker.app */ = {isa = PBXFileReference; explicitFileType = wrapper.application; includeInIndex = 0; path = "O-Joker.app"; sourceTree = BUILT_PRODUCTS_DIR; };
		84E9FA1029A75E76008AD2AE /* AppDelegate.swift */ = {isa = PBXFileReference; lastKnownFileType = sourcecode.swift; path = AppDelegate.swift; sourceTree = "<group>"; };
		84E9FA1229A75E76008AD2AE /* SceneDelegate.swift */ = {isa = PBXFileReference; lastKnownFileType = sourcecode.swift; path = SceneDelegate.swift; sourceTree = "<group>"; };
		84E9FA1429A75E76008AD2AE /* LoginViewController.swift */ = {isa = PBXFileReference; lastKnownFileType = sourcecode.swift; path = LoginViewController.swift; sourceTree = "<group>"; };
		84E9FA1729A75E76008AD2AE /* Base */ = {isa = PBXFileReference; lastKnownFileType = file.storyboard; name = Base; path = Base.lproj/Main.storyboard; sourceTree = "<group>"; };
		84E9FA1929A75E78008AD2AE /* Assets.xcassets */ = {isa = PBXFileReference; lastKnownFileType = folder.assetcatalog; path = Assets.xcassets; sourceTree = "<group>"; };
		84E9FA1C29A75E78008AD2AE /* Base */ = {isa = PBXFileReference; lastKnownFileType = file.storyboard; name = Base; path = Base.lproj/LaunchScreen.storyboard; sourceTree = "<group>"; };
		84E9FA1E29A75E78008AD2AE /* Info.plist */ = {isa = PBXFileReference; lastKnownFileType = text.plist.xml; path = Info.plist; sourceTree = "<group>"; };
		84E9FA2729A75FAE008AD2AE /* RegisterViewController.swift */ = {isa = PBXFileReference; lastKnownFileType = sourcecode.swift; path = RegisterViewController.swift; sourceTree = "<group>"; };
		84E9FA2929A75FD0008AD2AE /* JokesViewController.swift */ = {isa = PBXFileReference; lastKnownFileType = sourcecode.swift; path = JokesViewController.swift; sourceTree = "<group>"; };
		84E9FA2B29A75FF3008AD2AE /* CreateJokeViewController.swift */ = {isa = PBXFileReference; lastKnownFileType = sourcecode.swift; path = CreateJokeViewController.swift; sourceTree = "<group>"; };
		84E9FA2D29A76909008AD2AE /* JokeTableViewCell.swift */ = {isa = PBXFileReference; lastKnownFileType = sourcecode.swift; path = JokeTableViewCell.swift; sourceTree = "<group>"; };
		84E9FA3A29A791CB008AD2AE /* DataService.swift */ = {isa = PBXFileReference; lastKnownFileType = sourcecode.swift; path = DataService.swift; sourceTree = "<group>"; };
		84E9FA3C29A7939D008AD2AE /* GoogleService-Info.plist */ = {isa = PBXFileReference; fileEncoding = 4; lastKnownFileType = text.plist.xml; path = "GoogleService-Info.plist"; sourceTree = "<group>"; };
		84E9FA3E29A7A005008AD2AE /* ProfileViewController.swift */ = {isa = PBXFileReference; lastKnownFileType = sourcecode.swift; path = ProfileViewController.swift; sourceTree = "<group>"; };
/* End PBXFileReference section */

/* Begin PBXFrameworksBuildPhase section */
		84E9FA0A29A75E76008AD2AE /* Frameworks */ = {
			isa = PBXFrameworksBuildPhase;
			buildActionMask = 2147483647;
			files = (
				84E9FA3329A790E5008AD2AE /* FirebaseAnalytics in Frameworks */,
				84E9FA3729A790E5008AD2AE /* FirebaseAuth in Frameworks */,
				84E9FA3929A790E5008AD2AE /* FirebaseDatabase in Frameworks */,
				84202F8A29ACDC2B007C83C5 /* FirebaseStorage in Frameworks */,
				84202F8C29ACDC7F007C83C5 /* FirebaseStorageCombine-Community in Frameworks */,
				84E9FA3529A790E5008AD2AE /* FirebaseAnalyticsWithoutAdIdSupport in Frameworks */,
			);
			runOnlyForDeploymentPostprocessing = 0;
		};
/* End PBXFrameworksBuildPhase section */

/* Begin PBXGroup section */
		84202F8829ACDC2B007C83C5 /* Frameworks */ = {
			isa = PBXGroup;
			children = (
			);
			name = Frameworks;
			sourceTree = "<group>";
		};
		84E9FA0429A75E76008AD2AE = {
			isa = PBXGroup;
			children = (
				84E9FA3C29A7939D008AD2AE /* GoogleService-Info.plist */,
				84E9FA0F29A75E76008AD2AE /* O-Joker */,
				84E9FA0E29A75E76008AD2AE /* Products */,
				84202F8829ACDC2B007C83C5 /* Frameworks */,
			);
			sourceTree = "<group>";
		};
		84E9FA0E29A75E76008AD2AE /* Products */ = {
			isa = PBXGroup;
			children = (
				84E9FA0D29A75E76008AD2AE /* O-Joker.app */,
			);
			name = Products;
			sourceTree = "<group>";
		};
		84E9FA0F29A75E76008AD2AE /* O-Joker */ = {
			isa = PBXGroup;
			children = (
				84E9FA2629A75F7F008AD2AE /* Models */,
				84E9FA2529A75F7A008AD2AE /* Views */,
				84E9FA2429A75F70008AD2AE /* Controllers */,
				84E9FA1029A75E76008AD2AE /* AppDelegate.swift */,
				84E9FA1229A75E76008AD2AE /* SceneDelegate.swift */,
				84E9FA1629A75E76008AD2AE /* Main.storyboard */,
				84E9FA1929A75E78008AD2AE /* Assets.xcassets */,
				84E9FA1B29A75E78008AD2AE /* LaunchScreen.storyboard */,
				84E9FA1E29A75E78008AD2AE /* Info.plist */,
			);
			path = "O-Joker";
			sourceTree = "<group>";
		};
		84E9FA2429A75F70008AD2AE /* Controllers */ = {
			isa = PBXGroup;
			children = (
				84E9FA1429A75E76008AD2AE /* LoginViewController.swift */,
				84E9FA2729A75FAE008AD2AE /* RegisterViewController.swift */,
				84E9FA2929A75FD0008AD2AE /* JokesViewController.swift */,
				84E9FA2B29A75FF3008AD2AE /* CreateJokeViewController.swift */,
				84E9FA3E29A7A005008AD2AE /* ProfileViewController.swift */,
			);
			path = Controllers;
			sourceTree = "<group>";
		};
		84E9FA2529A75F7A008AD2AE /* Views */ = {
			isa = PBXGroup;
			children = (
				84E9FA2D29A76909008AD2AE /* JokeTableViewCell.swift */,
				84202F8629ABC853007C83C5 /* JokesTableView.swift */,
				844A607129BD0BE500C353AB /* BigButton.swift */,
				844A607329BD316E00C353AB /* JokeTextView.swift */,
			);
			path = Views;
			sourceTree = "<group>";
		};
		84E9FA2629A75F7F008AD2AE /* Models */ = {
			isa = PBXGroup;
			children = (
				84E9FA3A29A791CB008AD2AE /* DataService.swift */,
				84202F8429ABB5D8007C83C5 /* Joke.swift */,
			);
			path = Models;
			sourceTree = "<group>";
		};
/* End PBXGroup section */

/* Begin PBXNativeTarget section */
		84E9FA0C29A75E76008AD2AE /* O-Joker */ = {
			isa = PBXNativeTarget;
			buildConfigurationList = 84E9FA2129A75E78008AD2AE /* Build configuration list for PBXNativeTarget "O-Joker" */;
			buildPhases = (
				84E9FA0929A75E76008AD2AE /* Sources */,
				84E9FA0A29A75E76008AD2AE /* Frameworks */,
				84E9FA0B29A75E76008AD2AE /* Resources */,
			);
			buildRules = (
			);
			dependencies = (
			);
			name = "O-Joker";
			packageProductDependencies = (
				84E9FA3229A790E5008AD2AE /* FirebaseAnalytics */,
				84E9FA3429A790E5008AD2AE /* FirebaseAnalyticsWithoutAdIdSupport */,
				84E9FA3629A790E5008AD2AE /* FirebaseAuth */,
				84E9FA3829A790E5008AD2AE /* FirebaseDatabase */,
				84202F8929ACDC2B007C83C5 /* FirebaseStorage */,
				84202F8B29ACDC7F007C83C5 /* FirebaseStorageCombine-Community */,
			);
			productName = "O-Joker";
			productReference = 84E9FA0D29A75E76008AD2AE /* O-Joker.app */;
			productType = "com.apple.product-type.application";
		};
/* End PBXNativeTarget section */

/* Begin PBXProject section */
		84E9FA0529A75E76008AD2AE /* Project object */ = {
			isa = PBXProject;
			attributes = {
				BuildIndependentTargetsInParallel = 1;
				LastSwiftUpdateCheck = 1420;
				LastUpgradeCheck = 1420;
				TargetAttributes = {
					84E9FA0C29A75E76008AD2AE = {
						CreatedOnToolsVersion = 14.2;
					};
				};
			};
			buildConfigurationList = 84E9FA0829A75E76008AD2AE /* Build configuration list for PBXProject "O-Joker" */;
			compatibilityVersion = "Xcode 14.0";
			developmentRegion = en;
			hasScannedForEncodings = 0;
			knownRegions = (
				en,
				Base,
			);
			mainGroup = 84E9FA0429A75E76008AD2AE;
			packageReferences = (
				84E9FA3129A790E5008AD2AE /* XCRemoteSwiftPackageReference "firebase-ios-sdk" */,
			);
			productRefGroup = 84E9FA0E29A75E76008AD2AE /* Products */;
			projectDirPath = "";
			projectRoot = "";
			targets = (
				84E9FA0C29A75E76008AD2AE /* O-Joker */,
			);
		};
/* End PBXProject section */

/* Begin PBXResourcesBuildPhase section */
		84E9FA0B29A75E76008AD2AE /* Resources */ = {
			isa = PBXResourcesBuildPhase;
			buildActionMask = 2147483647;
			files = (
				84E9FA3D29A7939D008AD2AE /* GoogleService-Info.plist in Resources */,
				84E9FA1D29A75E78008AD2AE /* LaunchScreen.storyboard in Resources */,
				84E9FA1A29A75E78008AD2AE /* Assets.xcassets in Resources */,
				84E9FA1829A75E76008AD2AE /* Main.storyboard in Resources */,
			);
			runOnlyForDeploymentPostprocessing = 0;
		};
/* End PBXResourcesBuildPhase section */

/* Begin PBXSourcesBuildPhase section */
		84E9FA0929A75E76008AD2AE /* Sources */ = {
			isa = PBXSourcesBuildPhase;
			buildActionMask = 2147483647;
			files = (
				84E9FA1529A75E76008AD2AE /* LoginViewController.swift in Sources */,
				844A607429BD316E00C353AB /* JokeTextView.swift in Sources */,
				84E9FA1129A75E76008AD2AE /* AppDelegate.swift in Sources */,
				84E9FA2A29A75FD0008AD2AE /* JokesViewController.swift in Sources */,
				84E9FA2C29A75FF3008AD2AE /* CreateJokeViewController.swift in Sources */,
				84E9FA1329A75E76008AD2AE /* SceneDelegate.swift in Sources */,
				84202F8729ABC853007C83C5 /* JokesTableView.swift in Sources */,
				84E9FA2829A75FAF008AD2AE /* RegisterViewController.swift in Sources */,
				84202F8529ABB5D8007C83C5 /* Joke.swift in Sources */,
				844A607229BD0BE500C353AB /* BigButton.swift in Sources */,
				84E9FA3F29A7A005008AD2AE /* ProfileViewController.swift in Sources */,
				84E9FA2E29A76909008AD2AE /* JokeTableViewCell.swift in Sources */,
				84E9FA3B29A791CB008AD2AE /* DataService.swift in Sources */,
			);
			runOnlyForDeploymentPostprocessing = 0;
		};
/* End PBXSourcesBuildPhase section */

/* Begin PBXVariantGroup section */
		84E9FA1629A75E76008AD2AE /* Main.storyboard */ = {
			isa = PBXVariantGroup;
			children = (
				84E9FA1729A75E76008AD2AE /* Base */,
			);
			name = Main.storyboard;
			sourceTree = "<group>";
		};
		84E9FA1B29A75E78008AD2AE /* LaunchScreen.storyboard */ = {
			isa = PBXVariantGroup;
			children = (
				84E9FA1C29A75E78008AD2AE /* Base */,
			);
			name = LaunchScreen.storyboard;
			sourceTree = "<group>";
		};
/* End PBXVariantGroup section */

/* Begin XCBuildConfiguration section */
		84E9FA1F29A75E78008AD2AE /* Debug */ = {
			isa = XCBuildConfiguration;
			buildSettings = {
				ALWAYS_SEARCH_USER_PATHS = NO;
				CLANG_ANALYZER_NONNULL = YES;
				CLANG_ANALYZER_NUMBER_OBJECT_CONVERSION = YES_AGGRESSIVE;
				CLANG_CXX_LANGUAGE_STANDARD = "gnu++20";
				CLANG_ENABLE_MODULES = YES;
				CLANG_ENABLE_OBJC_ARC = YES;
				CLANG_ENABLE_OBJC_WEAK = YES;
				CLANG_WARN_BLOCK_CAPTURE_AUTORELEASING = YES;
				CLANG_WARN_BOOL_CONVERSION = YES;
				CLANG_WARN_COMMA = YES;
				CLANG_WARN_CONSTANT_CONVERSION = YES;
				CLANG_WARN_DEPRECATED_OBJC_IMPLEMENTATIONS = YES;
				CLANG_WARN_DIRECT_OBJC_ISA_USAGE = YES_ERROR;
				CLANG_WARN_DOCUMENTATION_COMMENTS = YES;
				CLANG_WARN_EMPTY_BODY = YES;
				CLANG_WARN_ENUM_CONVERSION = YES;
				CLANG_WARN_INFINITE_RECURSION = YES;
				CLANG_WARN_INT_CONVERSION = YES;
				CLANG_WARN_NON_LITERAL_NULL_CONVERSION = YES;
				CLANG_WARN_OBJC_IMPLICIT_RETAIN_SELF = YES;
				CLANG_WARN_OBJC_LITERAL_CONVERSION = YES;
				CLANG_WARN_OBJC_ROOT_CLASS = YES_ERROR;
				CLANG_WARN_QUOTED_INCLUDE_IN_FRAMEWORK_HEADER = YES;
				CLANG_WARN_RANGE_LOOP_ANALYSIS = YES;
				CLANG_WARN_STRICT_PROTOTYPES = YES;
				CLANG_WARN_SUSPICIOUS_MOVE = YES;
				CLANG_WARN_UNGUARDED_AVAILABILITY = YES_AGGRESSIVE;
				CLANG_WARN_UNREACHABLE_CODE = YES;
				CLANG_WARN__DUPLICATE_METHOD_MATCH = YES;
				COPY_PHASE_STRIP = NO;
				DEBUG_INFORMATION_FORMAT = dwarf;
				ENABLE_STRICT_OBJC_MSGSEND = YES;
				ENABLE_TESTABILITY = YES;
				GCC_C_LANGUAGE_STANDARD = gnu11;
				GCC_DYNAMIC_NO_PIC = NO;
				GCC_NO_COMMON_BLOCKS = YES;
				GCC_OPTIMIZATION_LEVEL = 0;
				GCC_PREPROCESSOR_DEFINITIONS = (
					"DEBUG=1",
					"$(inherited)",
				);
				GCC_WARN_64_TO_32_BIT_CONVERSION = YES;
				GCC_WARN_ABOUT_RETURN_TYPE = YES_ERROR;
				GCC_WARN_UNDECLARED_SELECTOR = YES;
				GCC_WARN_UNINITIALIZED_AUTOS = YES_AGGRESSIVE;
				GCC_WARN_UNUSED_FUNCTION = YES;
				GCC_WARN_UNUSED_VARIABLE = YES;
				IPHONEOS_DEPLOYMENT_TARGET = 16.2;
				MTL_ENABLE_DEBUG_INFO = INCLUDE_SOURCE;
				MTL_FAST_MATH = YES;
				ONLY_ACTIVE_ARCH = YES;
				SDKROOT = iphoneos;
				SWIFT_ACTIVE_COMPILATION_CONDITIONS = DEBUG;
				SWIFT_OPTIMIZATION_LEVEL = "-Onone";
			};
			name = Debug;
		};
		84E9FA2029A75E78008AD2AE /* Release */ = {
			isa = XCBuildConfiguration;
			buildSettings = {
				ALWAYS_SEARCH_USER_PATHS = NO;
				CLANG_ANALYZER_NONNULL = YES;
				CLANG_ANALYZER_NUMBER_OBJECT_CONVERSION = YES_AGGRESSIVE;
				CLANG_CXX_LANGUAGE_STANDARD = "gnu++20";
				CLANG_ENABLE_MODULES = YES;
				CLANG_ENABLE_OBJC_ARC = YES;
				CLANG_ENABLE_OBJC_WEAK = YES;
				CLANG_WARN_BLOCK_CAPTURE_AUTORELEASING = YES;
				CLANG_WARN_BOOL_CONVERSION = YES;
				CLANG_WARN_COMMA = YES;
				CLANG_WARN_CONSTANT_CONVERSION = YES;
				CLANG_WARN_DEPRECATED_OBJC_IMPLEMENTATIONS = YES;
				CLANG_WARN_DIRECT_OBJC_ISA_USAGE = YES_ERROR;
				CLANG_WARN_DOCUMENTATION_COMMENTS = YES;
				CLANG_WARN_EMPTY_BODY = YES;
				CLANG_WARN_ENUM_CONVERSION = YES;
				CLANG_WARN_INFINITE_RECURSION = YES;
				CLANG_WARN_INT_CONVERSION = YES;
				CLANG_WARN_NON_LITERAL_NULL_CONVERSION = YES;
				CLANG_WARN_OBJC_IMPLICIT_RETAIN_SELF = YES;
				CLANG_WARN_OBJC_LITERAL_CONVERSION = YES;
				CLANG_WARN_OBJC_ROOT_CLASS = YES_ERROR;
				CLANG_WARN_QUOTED_INCLUDE_IN_FRAMEWORK_HEADER = YES;
				CLANG_WARN_RANGE_LOOP_ANALYSIS = YES;
				CLANG_WARN_STRICT_PROTOTYPES = YES;
				CLANG_WARN_SUSPICIOUS_MOVE = YES;
				CLANG_WARN_UNGUARDED_AVAILABILITY = YES_AGGRESSIVE;
				CLANG_WARN_UNREACHABLE_CODE = YES;
				CLANG_WARN__DUPLICATE_METHOD_MATCH = YES;
				COPY_PHASE_STRIP = NO;
				DEBUG_INFORMATION_FORMAT = "dwarf-with-dsym";
				ENABLE_NS_ASSERTIONS = NO;
				ENABLE_STRICT_OBJC_MSGSEND = YES;
				GCC_C_LANGUAGE_STANDARD = gnu11;
				GCC_NO_COMMON_BLOCKS = YES;
				GCC_WARN_64_TO_32_BIT_CONVERSION = YES;
				GCC_WARN_ABOUT_RETURN_TYPE = YES_ERROR;
				GCC_WARN_UNDECLARED_SELECTOR = YES;
				GCC_WARN_UNINITIALIZED_AUTOS = YES_AGGRESSIVE;
				GCC_WARN_UNUSED_FUNCTION = YES;
				GCC_WARN_UNUSED_VARIABLE = YES;
				IPHONEOS_DEPLOYMENT_TARGET = 16.2;
				MTL_ENABLE_DEBUG_INFO = NO;
				MTL_FAST_MATH = YES;
				SDKROOT = iphoneos;
				SWIFT_COMPILATION_MODE = wholemodule;
				SWIFT_OPTIMIZATION_LEVEL = "-O";
				VALIDATE_PRODUCT = YES;
			};
			name = Release;
		};
		84E9FA2229A75E78008AD2AE /* Debug */ = {
			isa = XCBuildConfiguration;
			buildSettings = {
				ASSETCATALOG_COMPILER_APPICON_NAME = AppIcon;
				ASSETCATALOG_COMPILER_GLOBAL_ACCENT_COLOR_NAME = AccentColor;
				CODE_SIGN_STYLE = Automatic;
				CURRENT_PROJECT_VERSION = 1;
				DEVELOPMENT_TEAM = 3R4JNXS3X7;
				GENERATE_INFOPLIST_FILE = YES;
				INFOPLIST_FILE = "O-Joker/Info.plist";
				INFOPLIST_KEY_LSApplicationCategoryType = "public.app-category.social-networking";
				INFOPLIST_KEY_UIApplicationSupportsIndirectInputEvents = YES;
				INFOPLIST_KEY_UILaunchStoryboardName = LaunchScreen;
				INFOPLIST_KEY_UIMainStoryboardFile = Main;
				INFOPLIST_KEY_UIStatusBarStyle = UIStatusBarStyleLightContent;
				INFOPLIST_KEY_UISupportedInterfaceOrientations = UIInterfaceOrientationPortrait;
				IPHONEOS_DEPLOYMENT_TARGET = 14.1;
				LD_RUNPATH_SEARCH_PATHS = (
					"$(inherited)",
					"@executable_path/Frameworks",
				);
				MARKETING_VERSION = 1.0;
				PRODUCT_BUNDLE_IDENTIFIER = "com.Toshee.O-Joker";
				PRODUCT_NAME = "$(TARGET_NAME)";
				SWIFT_EMIT_LOC_STRINGS = YES;
				SWIFT_VERSION = 5.0;
				TARGETED_DEVICE_FAMILY = "1,2";
			};
			name = Debug;
		};
		84E9FA2329A75E78008AD2AE /* Release */ = {
			isa = XCBuildConfiguration;
			buildSettings = {
				ASSETCATALOG_COMPILER_APPICON_NAME = AppIcon;
				ASSETCATALOG_COMPILER_GLOBAL_ACCENT_COLOR_NAME = AccentColor;
				CODE_SIGN_STYLE = Automatic;
				CURRENT_PROJECT_VERSION = 1;
				DEVELOPMENT_TEAM = 3R4JNXS3X7;
				GENERATE_INFOPLIST_FILE = YES;
				INFOPLIST_FILE = "O-Joker/Info.plist";
				INFOPLIST_KEY_LSApplicationCategoryType = "public.app-category.social-networking";
				INFOPLIST_KEY_UIApplicationSupportsIndirectInputEvents = YES;
				INFOPLIST_KEY_UILaunchStoryboardName = LaunchScreen;
				INFOPLIST_KEY_UIMainStoryboardFile = Main;
				INFOPLIST_KEY_UIStatusBarStyle = UIStatusBarStyleLightContent;
				INFOPLIST_KEY_UISupportedInterfaceOrientations = UIInterfaceOrientationPortrait;
				IPHONEOS_DEPLOYMENT_TARGET = 14.1;
				LD_RUNPATH_SEARCH_PATHS = (
					"$(inherited)",
					"@executable_path/Frameworks",
				);
				MARKETING_VERSION = 1.0;
				PRODUCT_BUNDLE_IDENTIFIER = "com.Toshee.O-Joker";
				PRODUCT_NAME = "$(TARGET_NAME)";
				SWIFT_EMIT_LOC_STRINGS = YES;
				SWIFT_VERSION = 5.0;
				TARGETED_DEVICE_FAMILY = "1,2";
			};
			name = Release;
		};
/* End XCBuildConfiguration section */

/* Begin XCConfigurationList section */
		84E9FA0829A75E76008AD2AE /* Build configuration list for PBXProject "O-Joker" */ = {
			isa = XCConfigurationList;
			buildConfigurations = (
				84E9FA1F29A75E78008AD2AE /* Debug */,
				84E9FA2029A75E78008AD2AE /* Release */,
			);
			defaultConfigurationIsVisible = 0;
			defaultConfigurationName = Release;
		};
		84E9FA2129A75E78008AD2AE /* Build configuration list for PBXNativeTarget "O-Joker" */ = {
			isa = XCConfigurationList;
			buildConfigurations = (
				84E9FA2229A75E78008AD2AE /* Debug */,
				84E9FA2329A75E78008AD2AE /* Release */,
			);
			defaultConfigurationIsVisible = 0;
			defaultConfigurationName = Release;
		};
/* End XCConfigurationList section */

/* Begin XCRemoteSwiftPackageReference section */
		84E9FA3129A790E5008AD2AE /* XCRemoteSwiftPackageReference "firebase-ios-sdk" */ = {
			isa = XCRemoteSwiftPackageReference;
			repositoryURL = "https://github.com/firebase/firebase-ios-sdk";
			requirement = {
				kind = upToNextMajorVersion;
				minimumVersion = 9.0.0;
			};
		};
/* End XCRemoteSwiftPackageReference section */

/* Begin XCSwiftPackageProductDependency section */
		84202F8929ACDC2B007C83C5 /* FirebaseStorage */ = {
			isa = XCSwiftPackageProductDependency;
			package = 84E9FA3129A790E5008AD2AE /* XCRemoteSwiftPackageReference "firebase-ios-sdk" */;
			productName = FirebaseStorage;
		};
		84202F8B29ACDC7F007C83C5 /* FirebaseStorageCombine-Community */ = {
			isa = XCSwiftPackageProductDependency;
			package = 84E9FA3129A790E5008AD2AE /* XCRemoteSwiftPackageReference "firebase-ios-sdk" */;
			productName = "FirebaseStorageCombine-Community";
		};
		84E9FA3229A790E5008AD2AE /* FirebaseAnalytics */ = {
			isa = XCSwiftPackageProductDependency;
			package = 84E9FA3129A790E5008AD2AE /* XCRemoteSwiftPackageReference "firebase-ios-sdk" */;
			productName = FirebaseAnalytics;
		};
		84E9FA3429A790E5008AD2AE /* FirebaseAnalyticsWithoutAdIdSupport */ = {
			isa = XCSwiftPackageProductDependency;
			package = 84E9FA3129A790E5008AD2AE /* XCRemoteSwiftPackageReference "firebase-ios-sdk" */;
			productName = FirebaseAnalyticsWithoutAdIdSupport;
		};
		84E9FA3629A790E5008AD2AE /* FirebaseAuth */ = {
			isa = XCSwiftPackageProductDependency;
			package = 84E9FA3129A790E5008AD2AE /* XCRemoteSwiftPackageReference "firebase-ios-sdk" */;
			productName = FirebaseAuth;
		};
		84E9FA3829A790E5008AD2AE /* FirebaseDatabase */ = {
			isa = XCSwiftPackageProductDependency;
			package = 84E9FA3129A790E5008AD2AE /* XCRemoteSwiftPackageReference "firebase-ios-sdk" */;
			productName = FirebaseDatabase;
		};
/* End XCSwiftPackageProductDependency section */
	};
	rootObject = 84E9FA0529A75E76008AD2AE /* Project object */;
}
